
Microsoft Visual Studio Solution File, Format Version 12.00
# Visual Studio 15
VisualStudioVersion = 15.0.28307.329
MinimumVisualStudioVersion = 10.0.40219.1
Project("{9A19103F-16F7-4668-BE54-9A1E7A4F7556}") = "Andhell.Crypto", "Andhell.Crypto\Andhell.Crypto.csproj", "{315F8D65-FD0C-4E5A-92E2-FF3F5154142D}"
EndProject
Project("{9A19103F-16F7-4668-BE54-9A1E7A4F7556}") = "Andhell.Crypto.Salty", "Andhell.Crypto.Salty\Andhell.Crypto.Salty.csproj", "{930626A4-0523-454E-AF9E-CF539BB34B29}"
EndProject
Project("{9A19103F-16F7-4668-BE54-9A1E7A4F7556}") = "Andhell.Crypto.Salty.Test", "Andhell.Crypto.Salty.Test\Andhell.Crypto.Salty.Test.csproj", "{256C995D-2029-4A2D-9553-85C5867CF666}"
EndProject
Global
	GlobalSection(SolutionConfigurationPlatforms) = preSolution
		Debug|Any CPU = Debug|Any CPU
		Release|Any CPU = Release|Any CPU
	EndGlobalSection
	GlobalSection(ProjectConfigurationPlatforms) = postSolution
		{315F8D65-FD0C-4E5A-92E2-FF3F5154142D}.Debug|Any CPU.ActiveCfg = Debug|Any CPU
		{315F8D65-FD0C-4E5A-92E2-FF3F5154142D}.Debug|Any CPU.Build.0 = Debug|Any CPU
		{315F8D65-FD0C-4E5A-92E2-FF3F5154142D}.Release|Any CPU.ActiveCfg = Release|Any CPU
		{315F8D65-FD0C-4E5A-92E2-FF3F5154142D}.Release|Any CPU.Build.0 = Release|Any CPU
		{930626A4-0523-454E-AF9E-CF539BB34B29}.Debug|Any CPU.ActiveCfg = Debug|Any CPU
		{930626A4-0523-454E-AF9E-CF539BB34B29}.Debug|Any CPU.Build.0 = Debug|Any CPU
		{930626A4-0523-454E-AF9E-CF539BB34B29}.Release|Any CPU.ActiveCfg = Release|Any CPU
		{930626A4-0523-454E-AF9E-CF539BB34B29}.Release|Any CPU.Build.0 = Release|Any CPU
		{256C995D-2029-4A2D-9553-85C5867CF666}.Debug|Any CPU.ActiveCfg = Debug|Any CPU
		{256C995D-2029-4A2D-9553-85C5867CF666}.Debug|Any CPU.Build.0 = Debug|Any CPU
		{256C995D-2029-4A2D-9553-85C5867CF666}.Release|Any CPU.ActiveCfg = Release|Any CPU
		{256C995D-2029-4A2D-9553-85C5867CF666}.Release|Any CPU.Build.0 = Release|Any CPU
	EndGlobalSection
	GlobalSection(SolutionProperties) = preSolution
		HideSolutionNode = FALSE
	EndGlobalSection
	GlobalSection(ExtensibilityGlobals) = postSolution
		SolutionGuid = {92A54C93-058D-4AF4-80FD-00639BFC3AE6}
	EndGlobalSection
EndGlobal
